
Microsoft Visual Studio Solution File, Format Version 12.00
# Visual Studio Version 17
VisualStudioVersion = 17.0.32014.148
MinimumVisualStudioVersion = 10.0.40219.1
Project("{FAE04EC0-301F-11D3-BF4B-00C04F79EFBC}") = "GameProject", "GameProject\GameProject.csproj", "{B6CF92E5-8D68-4DC3-9DDD-4D5207C75236}"
EndProject
Global
	GlobalSection(SolutionConfigurationPlatforms) = preSolution
		Debug|Any CPU = Debug|Any CPU
		Release|Any CPU = Release|Any CPU
	EndGlobalSection
	GlobalSection(ProjectConfigurationPlatforms) = postSolution
		{B6CF92E5-8D68-4DC3-9DDD-4D5207C75236}.Debug|Any CPU.ActiveCfg = Debug|Any CPU
		{B6CF92E5-8D68-4DC3-9DDD-4D5207C75236}.Debug|Any CPU.Build.0 = Debug|Any CPU
		{B6CF92E5-8D68-4DC3-9DDD-4D5207C75236}.Release|Any CPU.ActiveCfg = Release|Any CPU
		{B6CF92E5-8D68-4DC3-9DDD-4D5207C75236}.Release|Any CPU.Build.0 = Release|Any CPU
	EndGlobalSection
	GlobalSection(SolutionProperties) = preSolution
		HideSolutionNode = FALSE
	EndGlobalSection
	GlobalSection(ExtensibilityGlobals) = postSolution
		SolutionGuid = {1DC5360A-48AA-48DB-BD24-C3CD8E4DF6E0}
	EndGlobalSection
EndGlobal
